{
    "version": 3,
    "terraform_version": "0.8.2",
    "serial": 1,
    "lineage": "aae07e38-38e1-433a-b283-a2d21d1cde92",
    "modules": [
        {
            "path": [
                "root"
            ],
            "outputs": {},
            "resources": {
                "google_compute_autoscaler.cr460": {
                    "type": "google_compute_autoscaler",
                    "depends_on": [
                        "google_compute_instance_group_manager.cr460"
                    ],
                    "primary": {
                        "id": "cr460",
                        "attributes": {
                            "autoscaling_policy.#": "1",
                            "autoscaling_policy.0.cooldown_period": "60",
                            "autoscaling_policy.0.cpu_utilization.#": "1",
                            "autoscaling_policy.0.cpu_utilization.0.target": "0.5",
                            "autoscaling_policy.0.load_balancing_utilization.#": "0",
                            "autoscaling_policy.0.max_replicas": "5",
                            "autoscaling_policy.0.metric.#": "0",
                            "autoscaling_policy.0.min_replicas": "2",
                            "description": "",
                            "id": "cr460",
                            "name": "cr460",
                            "self_link": "https://www.googleapis.com/compute/v1/projects/cr460-157300/zones/us-east1-b/autoscalers/cr460",
                            "target": "https://www.googleapis.com/compute/v1/projects/cr460-157300/zones/us-east1-b/instanceGroupManagers/cr460",
                            "zone": "us-east1-b"
                        },
                        "meta": {},
                        "tainted": false
                    },
                    "deposed": [],
                    "provider": ""
                },
                "google_compute_firewall.ssh": {
                    "type": "google_compute_firewall",
                    "depends_on": [
                        "google_compute_network.cr460"
                    ],
                    "primary": {
                        "id": "ssh",
                        "attributes": {
                            "allow.#": "1",
                            "allow.803338340.ports.#": "1",
                            "allow.803338340.ports.0": "22",
                            "allow.803338340.protocol": "tcp",
                            "description": "",
                            "id": "ssh",
                            "name": "ssh",
                            "network": "cr460",
                            "project": "cr460-157300",
                            "self_link": "https://www.googleapis.com/compute/v1/projects/cr460-157300/global/firewalls/ssh",
                            "source_ranges.#": "1",
                            "source_ranges.1080289494": "0.0.0.0/0",
                            "source_tags.#": "0",
                            "target_tags.#": "0"
                        },
                        "meta": {
                            "schema_version": "1"
                        },
                        "tainted": false
                    },
                    "deposed": [],
                    "provider": ""
                },
                "google_compute_firewall.web": {
                    "type": "google_compute_firewall",
                    "depends_on": [
                        "google_compute_network.cr460"
                    ],
                    "primary": {
                        "id": "web",
                        "attributes": {
                            "allow.#": "1",
                            "allow.272637744.ports.#": "1",
                            "allow.272637744.ports.0": "80",
                            "allow.272637744.protocol": "tcp",
                            "description": "",
                            "id": "web",
                            "name": "web",
                            "network": "cr460",
                            "project": "cr460-157300",
                            "self_link": "https://www.googleapis.com/compute/v1/projects/cr460-157300/global/firewalls/web",
                            "source_ranges.#": "1",
                            "source_ranges.1080289494": "0.0.0.0/0",
                            "source_tags.#": "0",
                            "target_tags.#": "0"
                        },
                        "meta": {
                            "schema_version": "1"
                        },
                        "tainted": false
                    },
                    "deposed": [],
                    "provider": ""
                },
                "google_compute_instance.instance1": {
                    "type": "google_compute_instance",
                    "depends_on": [
                        "google_compute_subnetwork.east1-dmz"
                    ],
                    "primary": {
                        "id": "intance1",
                        "attributes": {
                            "can_ip_forward": "false",
                            "create_timeout": "4",
                            "disk.#": "1",
                            "disk.0.auto_delete": "true",
                            "disk.0.device_name": "",
                            "disk.0.disk": "",
                            "disk.0.image": "coreos-cloud/coreos-stable",
                            "disk.0.scratch": "false",
                            "disk.0.size": "0",
                            "disk.0.type": "",
                            "id": "intance1",
                            "machine_type": "f1-micro",
                            "metadata.%": "0",
                            "metadata_fingerprint": "F6NFwNzv9OI=",
                            "metadata_startup_script": "apt-get -y install apache2 \u0026\u0026 systemctl start apache2",
                            "name": "intance1",
                            "network.#": "0",
                            "network_interface.#": "1",
                            "network_interface.0.access_config.#": "1",
                            "network_interface.0.access_config.0.assigned_nat_ip": "104.196.144.11",
                            "network_interface.0.access_config.0.nat_ip": "",
                            "network_interface.0.address": "172.16.1.2",
                            "network_interface.0.name": "nic0",
                            "network_interface.0.network": "",
                            "network_interface.0.subnetwork": "east1-dmz",
                            "network_interface.0.subnetwork_project": "",
                            "self_link": "https://www.googleapis.com/compute/v1/projects/cr460-157300/zones/us-east1-b/instances/intance1",
                            "service_account.#": "0",
                            "tags_fingerprint": "42WmSpB8rSM=",
                            "zone": "us-east1-b"
                        },
                        "meta": {
                            "schema_version": "2"
                        },
                        "tainted": false
                    },
                    "deposed": [],
                    "provider": ""
                },
                "google_compute_instance_group_manager.cr460": {
                    "type": "google_compute_instance_group_manager",
                    "depends_on": [
                        "google_compute_instance_template.cr460"
                    ],
                    "primary": {
                        "id": "cr460",
                        "attributes": {
                            "base_instance_name": "worker",
                            "description": "",
                            "fingerprint": "EbIOrJwQLPU=",
                            "id": "cr460",
                            "instance_group": "https://www.googleapis.com/compute/v1/projects/cr460-157300/zones/us-east1-b/instanceGroups/cr460",
                            "instance_template": "https://www.googleapis.com/compute/v1/projects/cr460-157300/global/instanceTemplates/cr460-test",
                            "name": "cr460",
                            "named_port.#": "0",
                            "project": "cr460-157300",
                            "self_link": "https://www.googleapis.com/compute/v1/projects/cr460-157300/zones/us-east1-b/instanceGroupManagers/cr460",
                            "target_pools.#": "0",
                            "target_size": "1",
                            "update_strategy": "RESTART",
                            "zone": "us-east1-b"
                        },
                        "meta": {},
                        "tainted": false
                    },
                    "deposed": [],
                    "provider": ""
                },
                "google_compute_instance_template.cr460": {
                    "type": "google_compute_instance_template",
                    "depends_on": [
                        "google_compute_subnetwork.east1-dmz"
                    ],
                    "primary": {
                        "id": "cr460-test",
                        "attributes": {
                            "automatic_restart": "true",
                            "can_ip_forward": "false",
                            "description": "",
                            "disk.#": "1",
                            "disk.0.auto_delete": "true",
                            "disk.0.boot": "true",
                            "disk.0.device_name": "",
                            "disk.0.disk_name": "",
                            "disk.0.disk_size_gb": "0",
                            "disk.0.disk_type": "pd-standard",
                            "disk.0.interface": "SCSI",
                            "disk.0.mode": "READ_WRITE",
                            "disk.0.source": "",
                            "disk.0.source_image": "coreos-cloud/coreos-stable",
                            "disk.0.type": "PERSISTENT",
                            "id": "cr460-test",
                            "instance_description": "",
                            "machine_type": "f1-micro",
                            "metadata.%": "0",
                            "metadata_fingerprint": "mf1CeGt3j2Y=",
                            "name": "cr460-test",
                            "network_interface.#": "1",
                            "network_interface.0.access_config.#": "0",
                            "network_interface.0.network": "cr460",
                            "network_interface.0.subnetwork": "east1-dmz",
                            "project": "cr460-157300",
                            "region": "us-east1",
                            "scheduling.#": "1",
                            "scheduling.0.automatic_restart": "true",
                            "scheduling.0.on_host_maintenance": "MIGRATE",
                            "scheduling.0.preemptible": "false",
                            "self_link": "https://www.googleapis.com/compute/v1/projects/cr460-157300/global/instanceTemplates/cr460-test"
                        },
                        "meta": {},
                        "tainted": false
                    },
                    "deposed": [],
                    "provider": ""
                },
                "google_compute_network.cr460": {
                    "type": "google_compute_network",
                    "depends_on": [],
                    "primary": {
                        "id": "cr460",
                        "attributes": {
                            "auto_create_subnetworks": "false",
                            "gateway_ipv4": "",
                            "id": "cr460",
                            "name": "cr460",
                            "self_link": "https://www.googleapis.com/compute/v1/projects/cr460-157300/global/networks/cr460"
                        },
                        "meta": {},
                        "tainted": false
                    },
                    "deposed": [],
                    "provider": ""
                },
                "google_compute_subnetwork.east1-dmz": {
                    "type": "google_compute_subnetwork",
                    "depends_on": [
                        "google_compute_network.cr460"
                    ],
                    "primary": {
                        "id": "us-east1/east1-dmz",
                        "attributes": {
                            "gateway_address": "172.16.1.1",
                            "id": "us-east1/east1-dmz",
                            "ip_cidr_range": "172.16.1.0/24",
                            "name": "east1-dmz",
                            "network": "https://www.googleapis.com/compute/v1/projects/cr460-157300/global/networks/cr460",
                            "region": "us-east1",
                            "self_link": "https://www.googleapis.com/compute/v1/projects/cr460-157300/regions/us-east1/subnetworks/east1-dmz"
                        },
                        "meta": {},
                        "tainted": false
                    },
                    "deposed": [],
                    "provider": ""
                },
                "google_compute_subnetwork.east1-internal": {
                    "type": "google_compute_subnetwork",
                    "depends_on": [
                        "google_compute_network.cr460"
                    ],
                    "primary": {
                        "id": "us-east1/east1-internal",
                        "attributes": {
                            "gateway_address": "10.0.1.1",
                            "id": "us-east1/east1-internal",
                            "ip_cidr_range": "10.0.1.0/24",
                            "name": "east1-internal",
                            "network": "https://www.googleapis.com/compute/v1/projects/cr460-157300/global/networks/cr460",
                            "region": "us-east1",
                            "self_link": "https://www.googleapis.com/compute/v1/projects/cr460-157300/regions/us-east1/subnetworks/east1-internal"
                        },
                        "meta": {},
                        "tainted": false
                    },
                    "deposed": [],
                    "provider": ""
                },
                "google_dns_record_set.www": {
                    "type": "google_dns_record_set",
                    "depends_on": [
                        "google_compute_instance.instance1"
                    ],
                    "primary": {
                        "id": "1",
                        "attributes": {
                            "id": "1",
                            "managed_zone": "nverret",
                            "name": "www.nverret.cr460lab.com.",
                            "rrdatas.#": "1",
                            "rrdatas.0": "104.196.144.11",
                            "ttl": "300",
                            "type": "A"
                        },
                        "meta": {},
                        "tainted": false
                    },
                    "deposed": [],
                    "provider": ""
                }
            },
            "depends_on": []
        }
    ]
}
